
Microsoft Visual Studio Solution File, Format Version 12.00
# Visual Studio Version 17
VisualStudioVersion = 17.14.37012.4
MinimumVisualStudioVersion = 10.0.40219.1
Project("{FAE04EC0-301F-11D3-BF4B-00C04F79EFBC}") = "AdvancedSearch.API", "AdvancedSearch.API\AdvancedSearch.API.csproj", "{4D43FB1F-B752-A3BC-8DCE-A891EFDEF194}"
EndProject
Project("{FAE04EC0-301F-11D3-BF4B-00C04F79EFBC}") = "AdvancedSearch.Application", "AdvancedSearch.Application\AdvancedSearch.Application.csproj", "{D798E9ED-D62E-DDEA-3C5C-7D35FECBA5A2}"
EndProject
Project("{FAE04EC0-301F-11D3-BF4B-00C04F79EFBC}") = "AdvancedSearchDomain", "AdvancedSearch.Domain\AdvancedSearchDomain.csproj", "{4B0FEA95-3652-8AC6-FBD5-20825053D44C}"
EndProject
Project("{FAE04EC0-301F-11D3-BF4B-00C04F79EFBC}") = "AdvancedSearch.Infrastructure", "AdvancedSearch.Infrastructure\AdvancedSearch.Infrastructure.csproj", "{9E5959A4-596C-A816-1DD9-1F2757320402}"
EndProject
Global
	GlobalSection(SolutionConfigurationPlatforms) = preSolution
		Debug|Any CPU = Debug|Any CPU
		Release|Any CPU = Release|Any CPU
	EndGlobalSection
	GlobalSection(ProjectConfigurationPlatforms) = postSolution
		{4D43FB1F-B752-A3BC-8DCE-A891EFDEF194}.Debug|Any CPU.ActiveCfg = Debug|Any CPU
		{4D43FB1F-B752-A3BC-8DCE-A891EFDEF194}.Debug|Any CPU.Build.0 = Debug|Any CPU
		{4D43FB1F-B752-A3BC-8DCE-A891EFDEF194}.Release|Any CPU.ActiveCfg = Release|Any CPU
		{4D43FB1F-B752-A3BC-8DCE-A891EFDEF194}.Release|Any CPU.Build.0 = Release|Any CPU
		{D798E9ED-D62E-DDEA-3C5C-7D35FECBA5A2}.Debug|Any CPU.ActiveCfg = Debug|Any CPU
		{D798E9ED-D62E-DDEA-3C5C-7D35FECBA5A2}.Debug|Any CPU.Build.0 = Debug|Any CPU
		{D798E9ED-D62E-DDEA-3C5C-7D35FECBA5A2}.Release|Any CPU.ActiveCfg = Release|Any CPU
		{D798E9ED-D62E-DDEA-3C5C-7D35FECBA5A2}.Release|Any CPU.Build.0 = Release|Any CPU
		{4B0FEA95-3652-8AC6-FBD5-20825053D44C}.Debug|Any CPU.ActiveCfg = Debug|Any CPU
		{4B0FEA95-3652-8AC6-FBD5-20825053D44C}.Debug|Any CPU.Build.0 = Debug|Any CPU
		{4B0FEA95-3652-8AC6-FBD5-20825053D44C}.Release|Any CPU.ActiveCfg = Release|Any CPU
		{4B0FEA95-3652-8AC6-FBD5-20825053D44C}.Release|Any CPU.Build.0 = Release|Any CPU
		{9E5959A4-596C-A816-1DD9-1F2757320402}.Debug|Any CPU.ActiveCfg = Debug|Any CPU
		{9E5959A4-596C-A816-1DD9-1F2757320402}.Debug|Any CPU.Build.0 = Debug|Any CPU
		{9E5959A4-596C-A816-1DD9-1F2757320402}.Release|Any CPU.ActiveCfg = Release|Any CPU
		{9E5959A4-596C-A816-1DD9-1F2757320402}.Release|Any CPU.Build.0 = Release|Any CPU
	EndGlobalSection
	GlobalSection(SolutionProperties) = preSolution
		HideSolutionNode = FALSE
	EndGlobalSection
	GlobalSection(ExtensibilityGlobals) = postSolution
		SolutionGuid = {41401E06-90FF-462E-BA8D-E4BCBD58A4CC}
	EndGlobalSection
EndGlobal
